// !$*UTF8*$!
{
	archiveVersion = 1;
	classes = {
	};
	objectVersion = 50;
	objects = {

/* Begin PBXBuildFile section */
		BAB88CBE25106CB10023374D /* AppDelegate.swift in Sources */ = {isa = PBXBuildFile; fileRef = BAB88CBD25106CB10023374D /* AppDelegate.swift */; };
		BAB88CC025106CB10023374D /* SceneDelegate.swift in Sources */ = {isa = PBXBuildFile; fileRef = BAB88CBF25106CB10023374D /* SceneDelegate.swift */; };
		BAB88CC225106CB10023374D /* ContentView.swift in Sources */ = {isa = PBXBuildFile; fileRef = BAB88CC125106CB10023374D /* ContentView.swift */; };
		BAB88CC425106CB30023374D /* Assets.xcassets in Resources */ = {isa = PBXBuildFile; fileRef = BAB88CC325106CB30023374D /* Assets.xcassets */; };
		BAB88CC725106CB30023374D /* Preview Assets.xcassets in Resources */ = {isa = PBXBuildFile; fileRef = BAB88CC625106CB30023374D /* Preview Assets.xcassets */; };
		BAB88CCA25106CB30023374D /* LaunchScreen.storyboard in Resources */ = {isa = PBXBuildFile; fileRef = BAB88CC825106CB30023374D /* LaunchScreen.storyboard */; };
/* End PBXBuildFile section */

/* Begin PBXFileReference section */
		BAB88CBA25106CB10023374D /* Lab0_210.app */ = {isa = PBXFileReference; explicitFileType = wrapper.application; includeInIndex = 0; path = Lab0_210.app; sourceTree = BUILT_PRODUCTS_DIR; };
		BAB88CBD25106CB10023374D /* AppDelegate.swift */ = {isa = PBXFileReference; lastKnownFileType = sourcecode.swift; path = AppDelegate.swift; sourceTree = "<group>"; };
		BAB88CBF25106CB10023374D /* SceneDelegate.swift */ = {isa = PBXFileReference; lastKnownFileType = sourcecode.swift; path = SceneDelegate.swift; sourceTree = "<group>"; };
		BAB88CC125106CB10023374D /* ContentView.swift */ = {isa = PBXFileReference; lastKnownFileType = sourcecode.swift; path = ContentView.swift; sourceTree = "<group>"; };
		BAB88CC325106CB30023374D /* Assets.xcassets */ = {isa = PBXFileReference; lastKnownFileType = folder.assetcatalog; path = Assets.xcassets; sourceTree = "<group>"; };
		BAB88CC625106CB30023374D /* Preview Assets.xcassets */ = {isa = PBXFileReference; lastKnownFileType = folder.assetcatalog; path = "Preview Assets.xcassets"; sourceTree = "<group>"; };
		BAB88CC925106CB30023374D /* Base */ = {isa = PBXFileReference; lastKnownFileType = file.storyboard; name = Base; path = Base.lproj/LaunchScreen.storyboard; sourceTree = "<group>"; };
		BAB88CCB25106CB30023374D /* Info.plist */ = {isa = PBXFileReference; lastKnownFileType = text.plist.xml; path = Info.plist; sourceTree = "<group>"; };
/* End PBXFileReference section */

/* Begin PBXFrameworksBuildPhase section */
		BAB88CB725106CB00023374D /* Frameworks */ = {
			isa = PBXFrameworksBuildPhase;
			buildActionMask = 2147483647;
			files = (
			);
			runOnlyForDeploymentPostprocessing = 0;
		};
/* End PBXFrameworksBuildPhase section */

/* Begin PBXGroup section */
		BAB88CB125106CB00023374D = {
			isa = PBXGroup;
			children = (
				BAB88CBC25106CB10023374D /* Lab0_210 */,
				BAB88CBB25106CB10023374D /* Products */,
			);
			sourceTree = "<group>";
		};
		BAB88CBB25106CB10023374D /* Products */ = {
			isa = PBXGroup;
			children = (
				BAB88CBA25106CB10023374D /* Lab0_210.app */,
			);
			name = Products;
			sourceTree = "<group>";
		};
		BAB88CBC25106CB10023374D /* Lab0_210 */ = {
			isa = PBXGroup;
			children = (
				BAB88CBD25106CB10023374D /* AppDelegate.swift */,
				BAB88CBF25106CB10023374D /* SceneDelegate.swift */,
				BAB88CC125106CB10023374D /* ContentView.swift */,
				BAB88CC325106CB30023374D /* Assets.xcassets */,
				BAB88CC825106CB30023374D /* LaunchScreen.storyboard */,
				BAB88CCB25106CB30023374D /* Info.plist */,
				BAB88CC525106CB30023374D /* Preview Content */,
			);
			path = Lab0_210;
			sourceTree = "<group>";
		};
		BAB88CC525106CB30023374D /* Preview Content */ = {
			isa = PBXGroup;
			children = (
				BAB88CC625106CB30023374D /* Preview Assets.xcassets */,
			);
			path = "Preview Content";
			sourceTree = "<group>";
		};
/* End PBXGroup section */

/* Begin PBXNativeTarget section */
		BAB88CB925106CB00023374D /* Lab0_210 */ = {
			isa = PBXNativeTarget;
			buildConfigurationList = BAB88CCE25106CB30023374D /* Build configuration list for PBXNativeTarget "Lab0_210" */;
			buildPhases = (
				BAB88CB625106CB00023374D /* Sources */,
				BAB88CB725106CB00023374D /* Frameworks */,
				BAB88CB825106CB00023374D /* Resources */,
			);
			buildRules = (
			);
			dependencies = (
			);
			name = Lab0_210;
			productName = Lab0_210;
			productReference = BAB88CBA25106CB10023374D /* Lab0_210.app */;
			productType = "com.apple.product-type.application";
		};
/* End PBXNativeTarget section */

/* Begin PBXProject section */
		BAB88CB225106CB00023374D /* Project object */ = {
			isa = PBXProject;
			attributes = {
				LastSwiftUpdateCheck = 1160;
				LastUpgradeCheck = 1160;
				ORGANIZATIONNAME = "Helwan Mandé";
				TargetAttributes = {
					BAB88CB925106CB00023374D = {
						CreatedOnToolsVersion = 11.6;
					};
				};
			};
			buildConfigurationList = BAB88CB525106CB00023374D /* Build configuration list for PBXProject "Lab0_210" */;
			compatibilityVersion = "Xcode 9.3";
			developmentRegion = en;
			hasScannedForEncodings = 0;
			knownRegions = (
				en,
				Base,
			);
			mainGroup = BAB88CB125106CB00023374D;
			productRefGroup = BAB88CBB25106CB10023374D /* Products */;
			projectDirPath = "";
			projectRoot = "";
			targets = (
				BAB88CB925106CB00023374D /* Lab0_210 */,
			);
		};
/* End PBXProject section */

/* Begin PBXResourcesBuildPhase section */
		BAB88CB825106CB00023374D /* Resources */ = {
			isa = PBXResourcesBuildPhase;
			buildActionMask = 2147483647;
			files = (
				BAB88CCA25106CB30023374D /* LaunchScreen.storyboard in Resources */,
				BAB88CC725106CB30023374D /* Preview Assets.xcassets in Resources */,
				BAB88CC425106CB30023374D /* Assets.xcassets in Resources */,
			);
			runOnlyForDeploymentPostprocessing = 0;
		};
/* End PBXResourcesBuildPhase section */

/* Begin PBXSourcesBuildPhase section */
		BAB88CB625106CB00023374D /* Sources */ = {
			isa = PBXSourcesBuildPhase;
			buildActionMask = 2147483647;
			files = (
				BAB88CBE25106CB10023374D /* AppDelegate.swift in Sources */,
				BAB88CC025106CB10023374D /* SceneDelegate.swift in Sources */,
				BAB88CC225106CB10023374D /* ContentView.swift in Sources */,
			);
			runOnlyForDeploymentPostprocessing = 0;
		};
/* End PBXSourcesBuildPhase section */

/* Begin PBXVariantGroup section */
		BAB88CC825106CB30023374D /* LaunchScreen.storyboard */ = {
			isa = PBXVariantGroup;
			children = (
				BAB88CC925106CB30023374D /* Base */,
			);
			name = LaunchScreen.storyboard;
			sourceTree = "<group>";
		};
/* End PBXVariantGroup section */

/* Begin XCBuildConfiguration section */
		BAB88CCC25106CB30023374D /* Debug */ = {
			isa = XCBuildConfiguration;
			buildSettings = {
				ALWAYS_SEARCH_USER_PATHS = NO;
				CLANG_ANALYZER_NONNULL = YES;
				CLANG_ANALYZER_NUMBER_OBJECT_CONVERSION = YES_AGGRESSIVE;
				CLANG_CXX_LANGUAGE_STANDARD = "gnu++14";
				CLANG_CXX_LIBRARY = "libc++";
				CLANG_ENABLE_MODULES = YES;
				CLANG_ENABLE_OBJC_ARC = YES;
				CLANG_ENABLE_OBJC_WEAK = YES;
				CLANG_WARN_BLOCK_CAPTURE_AUTORELEASING = YES;
				CLANG_WARN_BOOL_CONVERSION = YES;
				CLANG_WARN_COMMA = YES;
				CLANG_WARN_CONSTANT_CONVERSION = YES;
				CLANG_WARN_DEPRECATED_OBJC_IMPLEMENTATIONS = YES;
				CLANG_WARN_DIRECT_OBJC_ISA_USAGE = YES_ERROR;
				CLANG_WARN_DOCUMENTATION_COMMENTS = YES;
				CLANG_WARN_EMPTY_BODY = YES;
				CLANG_WARN_ENUM_CONVERSION = YES;
				CLANG_WARN_INFINITE_RECURSION = YES;
				CLANG_WARN_INT_CONVERSION = YES;
				CLANG_WARN_NON_LITERAL_NULL_CONVERSION = YES;
				CLANG_WARN_OBJC_IMPLICIT_RETAIN_SELF = YES;
				CLANG_WARN_OBJC_LITERAL_CONVERSION = YES;
				CLANG_WARN_OBJC_ROOT_CLASS = YES_ERROR;
				CLANG_WARN_RANGE_LOOP_ANALYSIS = YES;
				CLANG_WARN_STRICT_PROTOTYPES = YES;
				CLANG_WARN_SUSPICIOUS_MOVE = YES;
				CLANG_WARN_UNGUARDED_AVAILABILITY = YES_AGGRESSIVE;
				CLANG_WARN_UNREACHABLE_CODE = YES;
				CLANG_WARN__DUPLICATE_METHOD_MATCH = YES;
				COPY_PHASE_STRIP = NO;
				DEBUG_INFORMATION_FORMAT = dwarf;
				ENABLE_STRICT_OBJC_MSGSEND = YES;
				ENABLE_TESTABILITY = YES;
				GCC_C_LANGUAGE_STANDARD = gnu11;
				GCC_DYNAMIC_NO_PIC = NO;
				GCC_NO_COMMON_BLOCKS = YES;
				GCC_OPTIMIZATION_LEVEL = 0;
				GCC_PREPROCESSOR_DEFINITIONS = (
					"DEBUG=1",
					"$(inherited)",
				);
				GCC_WARN_64_TO_32_BIT_CONVERSION = YES;
				GCC_WARN_ABOUT_RETURN_TYPE = YES_ERROR;
				GCC_WARN_UNDECLARED_SELECTOR = YES;
				GCC_WARN_UNINITIALIZED_AUTOS = YES_AGGRESSIVE;
				GCC_WARN_UNUSED_FUNCTION = YES;
				GCC_WARN_UNUSED_VARIABLE = YES;
				IPHONEOS_DEPLOYMENT_TARGET = 13.6;
				MTL_ENABLE_DEBUG_INFO = INCLUDE_SOURCE;
				MTL_FAST_MATH = YES;
				ONLY_ACTIVE_ARCH = YES;
				SDKROOT = iphoneos;
				SWIFT_ACTIVE_COMPILATION_CONDITIONS = DEBUG;
				SWIFT_OPTIMIZATION_LEVEL = "-Onone";
			};
			name = Debug;
		};
		BAB88CCD25106CB30023374D /* Release */ = {
			isa = XCBuildConfiguration;
			buildSettings = {
				ALWAYS_SEARCH_USER_PATHS = NO;
				CLANG_ANALYZER_NONNULL = YES;
				CLANG_ANALYZER_NUMBER_OBJECT_CONVERSION = YES_AGGRESSIVE;
				CLANG_CXX_LANGUAGE_STANDARD = "gnu++14";
				CLANG_CXX_LIBRARY = "libc++";
				CLANG_ENABLE_MODULES = YES;
				CLANG_ENABLE_OBJC_ARC = YES;
				CLANG_ENABLE_OBJC_WEAK = YES;
				CLANG_WARN_BLOCK_CAPTURE_AUTORELEASING = YES;
				CLANG_WARN_BOOL_CONVERSION = YES;
				CLANG_WARN_COMMA = YES;
				CLANG_WARN_CONSTANT_CONVERSION = YES;
				CLANG_WARN_DEPRECATED_OBJC_IMPLEMENTATIONS = YES;
				CLANG_WARN_DIRECT_OBJC_ISA_USAGE = YES_ERROR;
				CLANG_WARN_DOCUMENTATION_COMMENTS = YES;
				CLANG_WARN_EMPTY_BODY = YES;
				CLANG_WARN_ENUM_CONVERSION = YES;
				CLANG_WARN_INFINITE_RECURSION = YES;
				CLANG_WARN_INT_CONVERSION = YES;
				CLANG_WARN_NON_LITERAL_NULL_CONVERSION = YES;
				CLANG_WARN_OBJC_IMPLICIT_RETAIN_SELF = YES;
				CLANG_WARN_OBJC_LITERAL_CONVERSION = YES;
				CLANG_WARN_OBJC_ROOT_CLASS = YES_ERROR;
				CLANG_WARN_RANGE_LOOP_ANALYSIS = YES;
				CLANG_WARN_STRICT_PROTOTYPES = YES;
				CLANG_WARN_SUSPICIOUS_MOVE = YES;
				CLANG_WARN_UNGUARDED_AVAILABILITY = YES_AGGRESSIVE;
				CLANG_WARN_UNREACHABLE_CODE = YES;
				CLANG_WARN__DUPLICATE_METHOD_MATCH = YES;
				COPY_PHASE_STRIP = NO;
				DEBUG_INFORMATION_FORMAT = "dwarf-with-dsym";
				ENABLE_NS_ASSERTIONS = NO;
				ENABLE_STRICT_OBJC_MSGSEND = YES;
				GCC_C_LANGUAGE_STANDARD = gnu11;
				GCC_NO_COMMON_BLOCKS = YES;
				GCC_WARN_64_TO_32_BIT_CONVERSION = YES;
				GCC_WARN_ABOUT_RETURN_TYPE = YES_ERROR;
				GCC_WARN_UNDECLARED_SELECTOR = YES;
				GCC_WARN_UNINITIALIZED_AUTOS = YES_AGGRESSIVE;
				GCC_WARN_UNUSED_FUNCTION = YES;
				GCC_WARN_UNUSED_VARIABLE = YES;
				IPHONEOS_DEPLOYMENT_TARGET = 13.6;
				MTL_ENABLE_DEBUG_INFO = NO;
				MTL_FAST_MATH = YES;
				SDKROOT = iphoneos;
				SWIFT_COMPILATION_MODE = wholemodule;
				SWIFT_OPTIMIZATION_LEVEL = "-O";
				VALIDATE_PRODUCT = YES;
			};
			name = Release;
		};
		BAB88CCF25106CB30023374D /* Debug */ = {
			isa = XCBuildConfiguration;
			buildSettings = {
				ASSETCATALOG_COMPILER_APPICON_NAME = AppIcon;
				CODE_SIGN_STYLE = Automatic;
				DEVELOPMENT_ASSET_PATHS = "\"Lab0_210/Preview Content\"";
				DEVELOPMENT_TEAM = 3FBCCQXZCG;
				ENABLE_PREVIEWS = YES;
				INFOPLIST_FILE = Lab0_210/Info.plist;
				LD_RUNPATH_SEARCH_PATHS = (
					"$(inherited)",
					"@executable_path/Frameworks",
				);
				PRODUCT_BUNDLE_IDENTIFIER = "com.helwanmande.Lab0-210";
				PRODUCT_NAME = "$(TARGET_NAME)";
				SWIFT_VERSION = 5.0;
				TARGETED_DEVICE_FAMILY = "1,2";
			};
			name = Debug;
		};
		BAB88CD025106CB30023374D /* Release */ = {
			isa = XCBuildConfiguration;
			buildSettings = {
				ASSETCATALOG_COMPILER_APPICON_NAME = AppIcon;
				CODE_SIGN_STYLE = Automatic;
				DEVELOPMENT_ASSET_PATHS = "\"Lab0_210/Preview Content\"";
				DEVELOPMENT_TEAM = 3FBCCQXZCG;
				ENABLE_PREVIEWS = YES;
				INFOPLIST_FILE = Lab0_210/Info.plist;
				LD_RUNPATH_SEARCH_PATHS = (
					"$(inherited)",
					"@executable_path/Frameworks",
				);
				PRODUCT_BUNDLE_IDENTIFIER = "com.helwanmande.Lab0-210";
				PRODUCT_NAME = "$(TARGET_NAME)";
				SWIFT_VERSION = 5.0;
				TARGETED_DEVICE_FAMILY = "1,2";
			};
			name = Release;
		};
/* End XCBuildConfiguration section */

/* Begin XCConfigurationList section */
		BAB88CB525106CB00023374D /* Build configuration list for PBXProject "Lab0_210" */ = {
			isa = XCConfigurationList;
			buildConfigurations = (
				BAB88CCC25106CB30023374D /* Debug */,
				BAB88CCD25106CB30023374D /* Release */,
			);
			defaultConfigurationIsVisible = 0;
			defaultConfigurationName = Release;
		};
		BAB88CCE25106CB30023374D /* Build configuration list for PBXNativeTarget "Lab0_210" */ = {
			isa = XCConfigurationList;
			buildConfigurations = (
				BAB88CCF25106CB30023374D /* Debug */,
				BAB88CD025106CB30023374D /* Release */,
			);
			defaultConfigurationIsVisible = 0;
			defaultConfigurationName = Release;
		};
/* End XCConfigurationList section */
	};
	rootObject = BAB88CB225106CB00023374D /* Project object */;
}
